
Microsoft Visual Studio Solution File, Format Version 12.00
# Visual Studio Version 16
VisualStudioVersion = 16.0.31702.278
MinimumVisualStudioVersion = 10.0.40219.1
Project("{FAE04EC0-301F-11D3-BF4B-00C04F79EFBC}") = "UI", "UI\UI.csproj", "{BBBA3A0D-E025-43B1-8439-4403759274FF}"
EndProject
Project("{FAE04EC0-301F-11D3-BF4B-00C04F79EFBC}") = "Common", "Common\Common.csproj", "{4FD39B2D-6038-4322-9BF2-BB89A1CE1729}"
EndProject
Project("{FAE04EC0-301F-11D3-BF4B-00C04F79EFBC}") = "Entities", "Entities\Entities.csproj", "{80ED645A-F972-4722-8BB0-06B7B2768765}"
EndProject
Global
	GlobalSection(SolutionConfigurationPlatforms) = preSolution
		Debug|Any CPU = Debug|Any CPU
		Release|Any CPU = Release|Any CPU
	EndGlobalSection
	GlobalSection(ProjectConfigurationPlatforms) = postSolution
		{BBBA3A0D-E025-43B1-8439-4403759274FF}.Debug|Any CPU.ActiveCfg = Debug|Any CPU
		{BBBA3A0D-E025-43B1-8439-4403759274FF}.Debug|Any CPU.Build.0 = Debug|Any CPU
		{BBBA3A0D-E025-43B1-8439-4403759274FF}.Release|Any CPU.ActiveCfg = Release|Any CPU
		{BBBA3A0D-E025-43B1-8439-4403759274FF}.Release|Any CPU.Build.0 = Release|Any CPU
		{4FD39B2D-6038-4322-9BF2-BB89A1CE1729}.Debug|Any CPU.ActiveCfg = Debug|Any CPU
		{4FD39B2D-6038-4322-9BF2-BB89A1CE1729}.Debug|Any CPU.Build.0 = Debug|Any CPU
		{4FD39B2D-6038-4322-9BF2-BB89A1CE1729}.Release|Any CPU.ActiveCfg = Release|Any CPU
		{4FD39B2D-6038-4322-9BF2-BB89A1CE1729}.Release|Any CPU.Build.0 = Release|Any CPU
		{80ED645A-F972-4722-8BB0-06B7B2768765}.Debug|Any CPU.ActiveCfg = Debug|Any CPU
		{80ED645A-F972-4722-8BB0-06B7B2768765}.Debug|Any CPU.Build.0 = Debug|Any CPU
		{80ED645A-F972-4722-8BB0-06B7B2768765}.Release|Any CPU.ActiveCfg = Release|Any CPU
		{80ED645A-F972-4722-8BB0-06B7B2768765}.Release|Any CPU.Build.0 = Release|Any CPU
	EndGlobalSection
	GlobalSection(SolutionProperties) = preSolution
		HideSolutionNode = FALSE
	EndGlobalSection
	GlobalSection(ExtensibilityGlobals) = postSolution
		SolutionGuid = {F1E59459-B1CE-4D41-BB7F-3BCA7119AC56}
	EndGlobalSection
EndGlobal
